
Microsoft Visual Studio Solution File, Format Version 12.00
# Visual Studio Version 16
VisualStudioVersion = 16.0.31229.75
MinimumVisualStudioVersion = 10.0.40219.1
Project("{FAE04EC0-301F-11D3-BF4B-00C04F79EFBC}") = "Server", "Server\Server.csproj", "{5E8FFCE1-1D07-4B83-9F3D-6F5E94E3AB40}"
EndProject
Project("{FAE04EC0-301F-11D3-BF4B-00C04F79EFBC}") = "HOKProtocol", "HOKProtocol\HOKProtocol.csproj", "{C151C131-9365-454B-9302-152326BB363C}"
EndProject
Global
	GlobalSection(SolutionConfigurationPlatforms) = preSolution
		Debug|Any CPU = Debug|Any CPU
		Release|Any CPU = Release|Any CPU
	EndGlobalSection
	GlobalSection(ProjectConfigurationPlatforms) = postSolution
		{5E8FFCE1-1D07-4B83-9F3D-6F5E94E3AB40}.Debug|Any CPU.ActiveCfg = Debug|Any CPU
		{5E8FFCE1-1D07-4B83-9F3D-6F5E94E3AB40}.Debug|Any CPU.Build.0 = Debug|Any CPU
		{5E8FFCE1-1D07-4B83-9F3D-6F5E94E3AB40}.Release|Any CPU.ActiveCfg = Release|Any CPU
		{5E8FFCE1-1D07-4B83-9F3D-6F5E94E3AB40}.Release|Any CPU.Build.0 = Release|Any CPU
		{C151C131-9365-454B-9302-152326BB363C}.Debug|Any CPU.ActiveCfg = Debug|Any CPU
		{C151C131-9365-454B-9302-152326BB363C}.Debug|Any CPU.Build.0 = Debug|Any CPU
		{C151C131-9365-454B-9302-152326BB363C}.Release|Any CPU.ActiveCfg = Release|Any CPU
		{C151C131-9365-454B-9302-152326BB363C}.Release|Any CPU.Build.0 = Release|Any CPU
	EndGlobalSection
	GlobalSection(SolutionProperties) = preSolution
		HideSolutionNode = FALSE
	EndGlobalSection
	GlobalSection(ExtensibilityGlobals) = postSolution
		SolutionGuid = {13AE4873-91B5-46D0-8D30-5682E1EEF0CD}
	EndGlobalSection
EndGlobal
